
Microsoft Visual Studio Solution File, Format Version 12.00
# Visual Studio Version 17
VisualStudioVersion = 17.14.36401.2
MinimumVisualStudioVersion = 10.0.40219.1
Project("{FAE04EC0-301F-11D3-BF4B-00C04F79EFBC}") = "myaspwebapp", "myaspwebapp\myaspwebapp.csproj", "{0D7438B9-11DA-4EC7-8909-C0CD5C063FCE}"
EndProject
Global
	GlobalSection(SolutionConfigurationPlatforms) = preSolution
		Debug|Any CPU = Debug|Any CPU
		Release|Any CPU = Release|Any CPU
	EndGlobalSection
	GlobalSection(ProjectConfigurationPlatforms) = postSolution
		{0D7438B9-11DA-4EC7-8909-C0CD5C063FCE}.Debug|Any CPU.ActiveCfg = Debug|Any CPU
		{0D7438B9-11DA-4EC7-8909-C0CD5C063FCE}.Debug|Any CPU.Build.0 = Debug|Any CPU
		{0D7438B9-11DA-4EC7-8909-C0CD5C063FCE}.Release|Any CPU.ActiveCfg = Release|Any CPU
		{0D7438B9-11DA-4EC7-8909-C0CD5C063FCE}.Release|Any CPU.Build.0 = Release|Any CPU
	EndGlobalSection
	GlobalSection(SolutionProperties) = preSolution
		HideSolutionNode = FALSE
	EndGlobalSection
	GlobalSection(ExtensibilityGlobals) = postSolution
		SolutionGuid = {8D99BB69-E383-4F39-BE50-073E2C547C31}
	EndGlobalSection
EndGlobal
